Microsoft Visual Studio Solution File, Format Version 12.00
# Visual Studio Version 17
VisualStudioVersion = 17.5.2.0
MinimumVisualStudioVersion = 10.0.40219.1
Project("{FAE04EC0-301F-11D3-BF4B-00C04F79EFBC}") = "TestC", "TestC.csproj", "{2375BB0C-D1A6-B2CD-8A5A-002473D454B0}"
EndProject
Global
	GlobalSection(SolutionConfigurationPlatforms) = preSolution
		Debug|Any CPU = Debug|Any CPU
		Release|Any CPU = Release|Any CPU
	EndGlobalSection
	GlobalSection(ProjectConfigurationPlatforms) = postSolution
		{2375BB0C-D1A6-B2CD-8A5A-002473D454B0}.Debug|Any CPU.ActiveCfg = Debug|Any CPU
		{2375BB0C-D1A6-B2CD-8A5A-002473D454B0}.Debug|Any CPU.Build.0 = Debug|Any CPU
		{2375BB0C-D1A6-B2CD-8A5A-002473D454B0}.Release|Any CPU.ActiveCfg = Release|Any CPU
		{2375BB0C-D1A6-B2CD-8A5A-002473D454B0}.Release|Any CPU.Build.0 = Release|Any CPU
	EndGlobalSection
	GlobalSection(SolutionProperties) = preSolution
		HideSolutionNode = FALSE
	EndGlobalSection
	GlobalSection(ExtensibilityGlobals) = postSolution
		SolutionGuid = {E2F25F24-79D9-40B3-8B92-48AB4FFDBABD}
	EndGlobalSection
EndGlobal
